// !$*UTF8*$!
{
	archiveVersion = 1;
	classes = {
	};
	objectVersion = 48;
	objects = {

/* Begin PBXBuildFile section */
		5B5A269321897EE500A1B336 /* UIImage+EMCompress.m in Sources */ = {isa = PBXBuildFile; fileRef = 5B5A269221897EE500A1B336 /* UIImage+EMCompress.m */; };
		5B5A269521897F0C00A1B336 /* 2014120107280906.jpg in Resources */ = {isa = PBXBuildFile; fileRef = 5B5A269421897F0C00A1B336 /* 2014120107280906.jpg */; };
		5B5A269821897F6D00A1B336 /* ImageTestViewController.m in Sources */ = {isa = PBXBuildFile; fileRef = 5B5A269621897F6D00A1B336 /* ImageTestViewController.m */; };
		5B5A269B21897FDD00A1B336 /* MXBaseTableViewController.m in Sources */ = {isa = PBXBuildFile; fileRef = 5B5A269A21897FDD00A1B336 /* MXBaseTableViewController.m */; };
		5B5A269F2189809000A1B336 /* ImageTestFooter.xib in Resources */ = {isa = PBXBuildFile; fileRef = 5B5A269C2189808F00A1B336 /* ImageTestFooter.xib */; };
		5B5A26A02189809000A1B336 /* ImageTestFooter.m in Sources */ = {isa = PBXBuildFile; fileRef = 5B5A269D2189809000A1B336 /* ImageTestFooter.m */; };
		5B65BEF92289528D00D8D68F /* UIImage+EMAdd.m in Sources */ = {isa = PBXBuildFile; fileRef = 5B65BEF72289528C00D8D68F /* UIImage+EMAdd.m */; };
		5B6C0DB2200C9F0F0084EBCA /* AppDelegate.m in Sources */ = {isa = PBXBuildFile; fileRef = 5B6C0DB1200C9F0F0084EBCA /* AppDelegate.m */; };
		5B6C0DB5200C9F0F0084EBCA /* ViewController.m in Sources */ = {isa = PBXBuildFile; fileRef = 5B6C0DB4200C9F0F0084EBCA /* ViewController.m */; };
		5B6C0DBA200C9F0F0084EBCA /* Assets.xcassets in Resources */ = {isa = PBXBuildFile; fileRef = 5B6C0DB9200C9F0F0084EBCA /* Assets.xcassets */; };
		5B6C0DBD200C9F0F0084EBCA /* LaunchScreen.storyboard in Resources */ = {isa = PBXBuildFile; fileRef = 5B6C0DBB200C9F0F0084EBCA /* LaunchScreen.storyboard */; };
		5B6C0DC0200C9F0F0084EBCA /* main.m in Sources */ = {isa = PBXBuildFile; fileRef = 5B6C0DBF200C9F0F0084EBCA /* main.m */; };
		5B767DC3200D904900C6AE3A /* ViewController.xib in Resources */ = {isa = PBXBuildFile; fileRef = 5B767DC2200D904900C6AE3A /* ViewController.xib */; };
		5BB896C1201078330082ECDC /* ImageListViewController.m in Sources */ = {isa = PBXBuildFile; fileRef = 5BB896BF201078330082ECDC /* ImageListViewController.m */; };
		70C49C557C2C3AA194BD9CC0 /* libPods-MXImageManager.a in Frameworks */ = {isa = PBXBuildFile; fileRef = 83E3B3C93928985CCEE4E6B2 /* libPods-MXImageManager.a */; };
/* End PBXBuildFile section */

/* Begin PBXFileReference section */
		5B5A269121897EE500A1B336 /* UIImage+EMCompress.h */ = {isa = PBXFileReference; fileEncoding = 4; lastKnownFileType = sourcecode.c.h; path = "UIImage+EMCompress.h"; sourceTree = "<group>"; };
		5B5A269221897EE500A1B336 /* UIImage+EMCompress.m */ = {isa = PBXFileReference; fileEncoding = 4; lastKnownFileType = sourcecode.c.objc; path = "UIImage+EMCompress.m"; sourceTree = "<group>"; };
		5B5A269421897F0C00A1B336 /* 2014120107280906.jpg */ = {isa = PBXFileReference; lastKnownFileType = image.jpeg; path = 2014120107280906.jpg; sourceTree = "<group>"; };
		5B5A269621897F6D00A1B336 /* ImageTestViewController.m */ = {isa = PBXFileReference; fileEncoding = 4; lastKnownFileType = sourcecode.c.objc; path = ImageTestViewController.m; sourceTree = "<group>"; };
		5B5A269721897F6D00A1B336 /* ImageTestViewController.h */ = {isa = PBXFileReference; fileEncoding = 4; lastKnownFileType = sourcecode.c.h; path = ImageTestViewController.h; sourceTree = "<group>"; };
		5B5A269921897FDD00A1B336 /* MXBaseTableViewController.h */ = {isa = PBXFileReference; fileEncoding = 4; lastKnownFileType = sourcecode.c.h; path = MXBaseTableViewController.h; sourceTree = "<group>"; };
		5B5A269A21897FDD00A1B336 /* MXBaseTableViewController.m */ = {isa = PBXFileReference; fileEncoding = 4; lastKnownFileType = sourcecode.c.objc; path = MXBaseTableViewController.m; sourceTree = "<group>"; };
		5B5A269C2189808F00A1B336 /* ImageTestFooter.xib */ = {isa = PBXFileReference; fileEncoding = 4; lastKnownFileType = file.xib; path = ImageTestFooter.xib; sourceTree = "<group>"; };
		5B5A269D2189809000A1B336 /* ImageTestFooter.m */ = {isa = PBXFileReference; fileEncoding = 4; lastKnownFileType = sourcecode.c.objc; path = ImageTestFooter.m; sourceTree = "<group>"; };
		5B5A269E2189809000A1B336 /* ImageTestFooter.h */ = {isa = PBXFileReference; fileEncoding = 4; lastKnownFileType = sourcecode.c.h; path = ImageTestFooter.h; sourceTree = "<group>"; };
		5B65BEF72289528C00D8D68F /* UIImage+EMAdd.m */ = {isa = PBXFileReference; fileEncoding = 4; lastKnownFileType = sourcecode.c.objc; path = "UIImage+EMAdd.m"; sourceTree = "<group>"; };
		5B65BEF82289528D00D8D68F /* UIImage+EMAdd.h */ = {isa = PBXFileReference; fileEncoding = 4; lastKnownFileType = sourcecode.c.h; path = "UIImage+EMAdd.h"; sourceTree = "<group>"; };
		5B6C0DAD200C9F0F0084EBCA /* MXImageManager.app */ = {isa = PBXFileReference; explicitFileType = wrapper.application; includeInIndex = 0; path = MXImageManager.app; sourceTree = BUILT_PRODUCTS_DIR; };
		5B6C0DB0200C9F0F0084EBCA /* AppDelegate.h */ = {isa = PBXFileReference; lastKnownFileType = sourcecode.c.h; path = AppDelegate.h; sourceTree = "<group>"; };
		5B6C0DB1200C9F0F0084EBCA /* AppDelegate.m */ = {isa = PBXFileReference; lastKnownFileType = sourcecode.c.objc; path = AppDelegate.m; sourceTree = "<group>"; };
		5B6C0DB3200C9F0F0084EBCA /* ViewController.h */ = {isa = PBXFileReference; lastKnownFileType = sourcecode.c.h; path = ViewController.h; sourceTree = "<group>"; };
		5B6C0DB4200C9F0F0084EBCA /* ViewController.m */ = {isa = PBXFileReference; lastKnownFileType = sourcecode.c.objc; path = ViewController.m; sourceTree = "<group>"; };
		5B6C0DB9200C9F0F0084EBCA /* Assets.xcassets */ = {isa = PBXFileReference; lastKnownFileType = folder.assetcatalog; path = Assets.xcassets; sourceTree = "<group>"; };
		5B6C0DBC200C9F0F0084EBCA /* Base */ = {isa = PBXFileReference; lastKnownFileType = file.storyboard; name = Base; path = Base.lproj/LaunchScreen.storyboard; sourceTree = "<group>"; };
		5B6C0DBE200C9F0F0084EBCA /* Info.plist */ = {isa = PBXFileReference; lastKnownFileType = text.plist.xml; path = Info.plist; sourceTree = "<group>"; };
		5B6C0DBF200C9F0F0084EBCA /* main.m */ = {isa = PBXFileReference; lastKnownFileType = sourcecode.c.objc; path = main.m; sourceTree = "<group>"; };
		5B767DC2200D904900C6AE3A /* ViewController.xib */ = {isa = PBXFileReference; lastKnownFileType = file.xib; path = ViewController.xib; sourceTree = "<group>"; };
		5BB896BE201078330082ECDC /* ImageListViewController.h */ = {isa = PBXFileReference; lastKnownFileType = sourcecode.c.h; path = ImageListViewController.h; sourceTree = "<group>"; };
		5BB896BF201078330082ECDC /* ImageListViewController.m */ = {isa = PBXFileReference; lastKnownFileType = sourcecode.c.objc; path = ImageListViewController.m; sourceTree = "<group>"; };
		83E3B3C93928985CCEE4E6B2 /* libPods-MXImageManager.a */ = {isa = PBXFileReference; explicitFileType = archive.ar; includeInIndex = 0; path = "libPods-MXImageManager.a"; sourceTree = BUILT_PRODUCTS_DIR; };
		9515B272988F37DE0994641E /* Pods-MXImageManager.release.xcconfig */ = {isa = PBXFileReference; includeInIndex = 1; lastKnownFileType = text.xcconfig; name = "Pods-MXImageManager.release.xcconfig"; path = "Pods/Target Support Files/Pods-MXImageManager/Pods-MXImageManager.release.xcconfig"; sourceTree = "<group>"; };
		A3322EB8974159C2446C3437 /* Pods-MXImageManager.debug.xcconfig */ = {isa = PBXFileReference; includeInIndex = 1; lastKnownFileType = text.xcconfig; name = "Pods-MXImageManager.debug.xcconfig"; path = "Pods/Target Support Files/Pods-MXImageManager/Pods-MXImageManager.debug.xcconfig"; sourceTree = "<group>"; };
/* End PBXFileReference section */

/* Begin PBXFrameworksBuildPhase section */
		5B6C0DAA200C9F0F0084EBCA /* Frameworks */ = {
			isa = PBXFrameworksBuildPhase;
			buildActionMask = 2147483647;
			files = (
				70C49C557C2C3AA194BD9CC0 /* libPods-MXImageManager.a in Frameworks */,
			);
			runOnlyForDeploymentPostprocessing = 0;
		};
/* End PBXFrameworksBuildPhase section */

/* Begin PBXGroup section */
		5B6C0DA4200C9F0F0084EBCA = {
			isa = PBXGroup;
			children = (
				5B6C0DAF200C9F0F0084EBCA /* MXImageManager */,
				5B6C0DAE200C9F0F0084EBCA /* Products */,
				79C9AACA21C529799B98CAF7 /* Pods */,
				7B4D4F6CB29F3308D99B47AC /* Frameworks */,
			);
			sourceTree = "<group>";
		};
		5B6C0DAE200C9F0F0084EBCA /* Products */ = {
			isa = PBXGroup;
			children = (
				5B6C0DAD200C9F0F0084EBCA /* MXImageManager.app */,
			);
			name = Products;
			sourceTree = "<group>";
		};
		5B6C0DAF200C9F0F0084EBCA /* MXImageManager */ = {
			isa = PBXGroup;
			children = (
				5B5A269421897F0C00A1B336 /* 2014120107280906.jpg */,
				5B65BEF82289528D00D8D68F /* UIImage+EMAdd.h */,
				5B65BEF72289528C00D8D68F /* UIImage+EMAdd.m */,
				5B5A269121897EE500A1B336 /* UIImage+EMCompress.h */,
				5B5A269221897EE500A1B336 /* UIImage+EMCompress.m */,
				5B5A269921897FDD00A1B336 /* MXBaseTableViewController.h */,
				5B5A269A21897FDD00A1B336 /* MXBaseTableViewController.m */,
				5B5A269E2189809000A1B336 /* ImageTestFooter.h */,
				5B5A269D2189809000A1B336 /* ImageTestFooter.m */,
				5B5A269C2189808F00A1B336 /* ImageTestFooter.xib */,
				5B5A269721897F6D00A1B336 /* ImageTestViewController.h */,
				5B5A269621897F6D00A1B336 /* ImageTestViewController.m */,
				5B6C0DB0200C9F0F0084EBCA /* AppDelegate.h */,
				5B6C0DB1200C9F0F0084EBCA /* AppDelegate.m */,
				5B6C0DB3200C9F0F0084EBCA /* ViewController.h */,
				5B6C0DB4200C9F0F0084EBCA /* ViewController.m */,
				5B767DC2200D904900C6AE3A /* ViewController.xib */,
				5BB896BE201078330082ECDC /* ImageListViewController.h */,
				5BB896BF201078330082ECDC /* ImageListViewController.m */,
				5B6C0DB9200C9F0F0084EBCA /* Assets.xcassets */,
				5B6C0DBB200C9F0F0084EBCA /* LaunchScreen.storyboard */,
				5B6C0DBE200C9F0F0084EBCA /* Info.plist */,
				5B6C0DBF200C9F0F0084EBCA /* main.m */,
			);
			path = MXImageManager;
			sourceTree = "<group>";
		};
		79C9AACA21C529799B98CAF7 /* Pods */ = {
			isa = PBXGroup;
			children = (
				A3322EB8974159C2446C3437 /* Pods-MXImageManager.debug.xcconfig */,
				9515B272988F37DE0994641E /* Pods-MXImageManager.release.xcconfig */,
			);
			name = Pods;
			sourceTree = "<group>";
		};
		7B4D4F6CB29F3308D99B47AC /* Frameworks */ = {
			isa = PBXGroup;
			children = (
				83E3B3C93928985CCEE4E6B2 /* libPods-MXImageManager.a */,
			);
			name = Frameworks;
			sourceTree = "<group>";
		};
/* End PBXGroup section */

/* Begin PBXNativeTarget section */
		5B6C0DAC200C9F0F0084EBCA /* MXImageManager */ = {
			isa = PBXNativeTarget;
			buildConfigurationList = 5B6C0DC3200C9F0F0084EBCA /* Build configuration list for PBXNativeTarget "MXImageManager" */;
			buildPhases = (
				706F2FEA2D9E85FE160A85F0 /* [CP] Check Pods Manifest.lock */,
				5B6C0DA9200C9F0F0084EBCA /* Sources */,
				5B6C0DAA200C9F0F0084EBCA /* Frameworks */,
				5B6C0DAB200C9F0F0084EBCA /* Resources */,
			);
			buildRules = (
			);
			dependencies = (
			);
			name = MXImageManager;
			productName = MXImageManager;
			productReference = 5B6C0DAD200C9F0F0084EBCA /* MXImageManager.app */;
			productType = "com.apple.product-type.application";
		};
/* End PBXNativeTarget section */

/* Begin PBXProject section */
		5B6C0DA5200C9F0F0084EBCA /* Project object */ = {
			isa = PBXProject;
			attributes = {
				LastUpgradeCheck = 1000;
				ORGANIZATIONNAME = kuroky;
				TargetAttributes = {
					5B6C0DAC200C9F0F0084EBCA = {
						CreatedOnToolsVersion = 9.2;
						ProvisioningStyle = Automatic;
					};
				};
			};
			buildConfigurationList = 5B6C0DA8200C9F0F0084EBCA /* Build configuration list for PBXProject "MXImageManager" */;
			compatibilityVersion = "Xcode 8.0";
			developmentRegion = en;
			hasScannedForEncodings = 0;
			knownRegions = (
				en,
				Base,
			);
			mainGroup = 5B6C0DA4200C9F0F0084EBCA;
			productRefGroup = 5B6C0DAE200C9F0F0084EBCA /* Products */;
			projectDirPath = "";
			projectRoot = "";
			targets = (
				5B6C0DAC200C9F0F0084EBCA /* MXImageManager */,
			);
		};
/* End PBXProject section */

/* Begin PBXResourcesBuildPhase section */
		5B6C0DAB200C9F0F0084EBCA /* Resources */ = {
			isa = PBXResourcesBuildPhase;
			buildActionMask = 2147483647;
			files = (
				5B6C0DBD200C9F0F0084EBCA /* LaunchScreen.storyboard in Resources */,
				5B767DC3200D904900C6AE3A /* ViewController.xib in Resources */,
				5B5A269F2189809000A1B336 /* ImageTestFooter.xib in Resources */,
				5B5A269521897F0C00A1B336 /* 2014120107280906.jpg in Resources */,
				5B6C0DBA200C9F0F0084EBCA /* Assets.xcassets in Resources */,
			);
			runOnlyForDeploymentPostprocessing = 0;
		};
/* End PBXResourcesBuildPhase section */

/* Begin PBXShellScriptBuildPhase section */
		706F2FEA2D9E85FE160A85F0 /* [CP] Check Pods Manifest.lock */ = {
			isa = PBXShellScriptBuildPhase;
			buildActionMask = 2147483647;
			files = (
			);
			inputPaths = (
				"${PODS_PODFILE_DIR_PATH}/Podfile.lock",
				"${PODS_ROOT}/Manifest.lock",
			);
			name = "[CP] Check Pods Manifest.lock";
			outputPaths = (
				"$(DERIVED_FILE_DIR)/Pods-MXImageManager-checkManifestLockResult.txt",
			);
			runOnlyForDeploymentPostprocessing = 0;
			shellPath = /bin/sh;
			shellScript = "diff \"${PODS_PODFILE_DIR_PATH}/Podfile.lock\" \"${PODS_ROOT}/Manifest.lock\" > /dev/null\nif [ $? != 0 ] ; then\n    # print error to STDERR\n    echo \"error: The sandbox is not in sync with the Podfile.lock. Run 'pod install' or update your CocoaPods installation.\" >&2\n    exit 1\nfi\n# This output is used by Xcode 'outputs' to avoid re-running this script phase.\necho \"SUCCESS\" > \"${SCRIPT_OUTPUT_FILE_0}\"\n";
			showEnvVarsInLog = 0;
		};
/* End PBXShellScriptBuildPhase section */

/* Begin PBXSourcesBuildPhase section */
		5B6C0DA9200C9F0F0084EBCA /* Sources */ = {
			isa = PBXSourcesBuildPhase;
			buildActionMask = 2147483647;
			files = (
				5B5A26A02189809000A1B336 /* ImageTestFooter.m in Sources */,
				5BB896C1201078330082ECDC /* ImageListViewController.m in Sources */,
				5B6C0DB5200C9F0F0084EBCA /* ViewController.m in Sources */,
				5B6C0DC0200C9F0F0084EBCA /* main.m in Sources */,
				5B5A269821897F6D00A1B336 /* ImageTestViewController.m in Sources */,
				5B5A269B21897FDD00A1B336 /* MXBaseTableViewController.m in Sources */,
				5B65BEF92289528D00D8D68F /* UIImage+EMAdd.m in Sources */,
				5B6C0DB2200C9F0F0084EBCA /* AppDelegate.m in Sources */,
				5B5A269321897EE500A1B336 /* UIImage+EMCompress.m in Sources */,
			);
			runOnlyForDeploymentPostprocessing = 0;
		};
/* End PBXSourcesBuildPhase section */

/* Begin PBXVariantGroup section */
		5B6C0DBB200C9F0F0084EBCA /* LaunchScreen.storyboard */ = {
			isa = PBXVariantGroup;
			children = (
				5B6C0DBC200C9F0F0084EBCA /* Base */,
			);
			name = LaunchScreen.storyboard;
			sourceTree = "<group>";
		};
/* End PBXVariantGroup section */

/* Begin XCBuildConfiguration section */
		5B6C0DC1200C9F0F0084EBCA /* Debug */ = {
			isa = XCBuildConfiguration;
			buildSettings = {
				ALWAYS_SEARCH_USER_PATHS = NO;
				CLANG_ANALYZER_NONNULL = YES;
				CLANG_ANALYZER_NUMBER_OBJECT_CONVERSION = YES_AGGRESSIVE;
				CLANG_CXX_LANGUAGE_STANDARD = "gnu++14";
				CLANG_CXX_LIBRARY = "libc++";
				CLANG_ENABLE_MODULES = YES;
				CLANG_ENABLE_OBJC_ARC = YES;
				CLANG_WARN_BLOCK_CAPTURE_AUTORELEASING = YES;
				CLANG_WARN_BOOL_CONVERSION = YES;
				CLANG_WARN_COMMA = YES;
				CLANG_WARN_CONSTANT_CONVERSION = YES;
				CLANG_WARN_DEPRECATED_OBJC_IMPLEMENTATIONS = YES;
				CLANG_WARN_DIRECT_OBJC_ISA_USAGE = YES_ERROR;
				CLANG_WARN_DOCUMENTATION_COMMENTS = YES;
				CLANG_WARN_EMPTY_BODY = YES;
				CLANG_WARN_ENUM_CONVERSION = YES;
				CLANG_WARN_INFINITE_RECURSION = YES;
				CLANG_WARN_INT_CONVERSION = YES;
				CLANG_WARN_NON_LITERAL_NULL_CONVERSION = YES;
				CLANG_WARN_OBJC_IMPLICIT_RETAIN_SELF = YES;
				CLANG_WARN_OBJC_LITERAL_CONVERSION = YES;
				CLANG_WARN_OBJC_ROOT_CLASS = YES_ERROR;
				CLANG_WARN_RANGE_LOOP_ANALYSIS = YES;
				CLANG_WARN_STRICT_PROTOTYPES = YES;
				CLANG_WARN_SUSPICIOUS_MOVE = YES;
				CLANG_WARN_UNGUARDED_AVAILABILITY = YES_AGGRESSIVE;
				CLANG_WARN_UNREACHABLE_CODE = YES;
				CLANG_WARN__DUPLICATE_METHOD_MATCH = YES;
				CODE_SIGN_IDENTITY = "iPhone Developer";
				COPY_PHASE_STRIP = NO;
				DEBUG_INFORMATION_FORMAT = dwarf;
				ENABLE_STRICT_OBJC_MSGSEND = YES;
				ENABLE_TESTABILITY = YES;
				GCC_C_LANGUAGE_STANDARD = gnu11;
				GCC_DYNAMIC_NO_PIC = NO;
				GCC_NO_COMMON_BLOCKS = YES;
				GCC_OPTIMIZATION_LEVEL = 0;
				GCC_PREPROCESSOR_DEFINITIONS = (
					"DEBUG=1",
					"$(inherited)",
				);
				GCC_WARN_64_TO_32_BIT_CONVERSION = YES;
				GCC_WARN_ABOUT_RETURN_TYPE = YES_ERROR;
				GCC_WARN_UNDECLARED_SELECTOR = YES;
				GCC_WARN_UNINITIALIZED_AUTOS = YES_AGGRESSIVE;
				GCC_WARN_UNUSED_FUNCTION = YES;
				GCC_WARN_UNUSED_VARIABLE = YES;
				IPHONEOS_DEPLOYMENT_TARGET = 12.2;
				MTL_ENABLE_DEBUG_INFO = YES;
				ONLY_ACTIVE_ARCH = YES;
				SDKROOT = iphoneos;
			};
			name = Debug;
		};
		5B6C0DC2200C9F0F0084EBCA /* Release */ = {
			isa = XCBuildConfiguration;
			buildSettings = {
				ALWAYS_SEARCH_USER_PATHS = NO;
				CLANG_ANALYZER_NONNULL = YES;
				CLANG_ANALYZER_NUMBER_OBJECT_CONVERSION = YES_AGGRESSIVE;
				CLANG_CXX_LANGUAGE_STANDARD = "gnu++14";
				CLANG_CXX_LIBRARY = "libc++";
				CLANG_ENABLE_MODULES = YES;
				CLANG_ENABLE_OBJC_ARC = YES;
				CLANG_WARN_BLOCK_CAPTURE_AUTORELEASING = YES;
				CLANG_WARN_BOOL_CONVERSION = YES;
				CLANG_WARN_COMMA = YES;
				CLANG_WARN_CONSTANT_CONVERSION = YES;
				CLANG_WARN_DEPRECATED_OBJC_IMPLEMENTATIONS = YES;
				CLANG_WARN_DIRECT_OBJC_ISA_USAGE = YES_ERROR;
				CLANG_WARN_DOCUMENTATION_COMMENTS = YES;
				CLANG_WARN_EMPTY_BODY = YES;
				CLANG_WARN_ENUM_CONVERSION = YES;
				CLANG_WARN_INFINITE_RECURSION = YES;
				CLANG_WARN_INT_CONVERSION = YES;
				CLANG_WARN_NON_LITERAL_NULL_CONVERSION = YES;
				CLANG_WARN_OBJC_IMPLICIT_RETAIN_SELF = YES;
				CLANG_WARN_OBJC_LITERAL_CONVERSION = YES;
				CLANG_WARN_OBJC_ROOT_CLASS = YES_ERROR;
				CLANG_WARN_RANGE_LOOP_ANALYSIS = YES;
				CLANG_WARN_STRICT_PROTOTYPES = YES;
				CLANG_WARN_SUSPICIOUS_MOVE = YES;
				CLANG_WARN_UNGUARDED_AVAILABILITY = YES_AGGRESSIVE;
				CLANG_WARN_UNREACHABLE_CODE = YES;
				CLANG_WARN__DUPLICATE_METHOD_MATCH = YES;
				CODE_SIGN_IDENTITY = "iPhone Developer";
				COPY_PHASE_STRIP = NO;
				DEBUG_INFORMATION_FORMAT = "dwarf-with-dsym";
				ENABLE_NS_ASSERTIONS = NO;
				ENABLE_STRICT_OBJC_MSGSEND = YES;
				GCC_C_LANGUAGE_STANDARD = gnu11;
				GCC_NO_COMMON_BLOCKS = YES;
				GCC_WARN_64_TO_32_BIT_CONVERSION = YES;
				GCC_WARN_ABOUT_RETURN_TYPE = YES_ERROR;
				GCC_WARN_UNDECLARED_SELECTOR = YES;
				GCC_WARN_UNINITIALIZED_AUTOS = YES_AGGRESSIVE;
				GCC_WARN_UNUSED_FUNCTION = YES;
				GCC_WARN_UNUSED_VARIABLE = YES;
				IPHONEOS_DEPLOYMENT_TARGET = 12.2;
				MTL_ENABLE_DEBUG_INFO = NO;
				SDKROOT = iphoneos;
				VALIDATE_PRODUCT = YES;
			};
			name = Release;
		};
		5B6C0DC4200C9F0F0084EBCA /* Debug */ = {
			isa = XCBuildConfiguration;
			baseConfigurationReference = A3322EB8974159C2446C3437 /* Pods-MXImageManager.debug.xcconfig */;
			buildSettings = {
				ASSETCATALOG_COMPILER_APPICON_NAME = AppIcon;
				CODE_SIGN_STYLE = Automatic;
				DEVELOPMENT_TEAM = DCBW8CKASN;
				INFOPLIST_FILE = MXImageManager/Info.plist;
				IPHONEOS_DEPLOYMENT_TARGET = 10.0;
				LD_RUNPATH_SEARCH_PATHS = "$(inherited) @executable_path/Frameworks";
				PRODUCT_BUNDLE_IDENTIFIER = com.kuroky.MXImageManager;
				PRODUCT_NAME = "$(TARGET_NAME)";
				TARGETED_DEVICE_FAMILY = "1,2";
			};
			name = Debug;
		};
		5B6C0DC5200C9F0F0084EBCA /* Release */ = {
			isa = XCBuildConfiguration;
			baseConfigurationReference = 9515B272988F37DE0994641E /* Pods-MXImageManager.release.xcconfig */;
			buildSettings = {
				ASSETCATALOG_COMPILER_APPICON_NAME = AppIcon;
				CODE_SIGN_STYLE = Automatic;
				DEVELOPMENT_TEAM = DCBW8CKASN;
				INFOPLIST_FILE = MXImageManager/Info.plist;
				IPHONEOS_DEPLOYMENT_TARGET = 10.0;
				LD_RUNPATH_SEARCH_PATHS = "$(inherited) @executable_path/Frameworks";
				PRODUCT_BUNDLE_IDENTIFIER = com.kuroky.MXImageManager;
				PRODUCT_NAME = "$(TARGET_NAME)";
				TARGETED_DEVICE_FAMILY = "1,2";
			};
			name = Release;
		};
/* End XCBuildConfiguration section */

/* Begin XCConfigurationList section */
		5B6C0DA8200C9F0F0084EBCA /* Build configuration list for PBXProject "MXImageManager" */ = {
			isa = XCConfigurationList;
			buildConfigurations = (
				5B6C0DC1200C9F0F0084EBCA /* Debug */,
				5B6C0DC2200C9F0F0084EBCA /* Release */,
			);
			defaultConfigurationIsVisible = 0;
			defaultConfigurationName = Release;
		};
		5B6C0DC3200C9F0F0084EBCA /* Build configuration list for PBXNativeTarget "MXImageManager" */ = {
			isa = XCConfigurationList;
			buildConfigurations = (
				5B6C0DC4200C9F0F0084EBCA /* Debug */,
				5B6C0DC5200C9F0F0084EBCA /* Release */,
			);
			defaultConfigurationIsVisible = 0;
			defaultConfigurationName = Release;
		};
/* End XCConfigurationList section */
	};
	rootObject = 5B6C0DA5200C9F0F0084EBCA /* Project object */;
}
